
[[dependencies]]
name = "@openzeppelin"
version = "4.9.3"
source = "https://github.com/OpenZeppelin/openzeppelin-contracts/archive/refs/tags/v4.9.3.zip"
checksum = "94270990c32ff2d00c06a9dabaf5b7a8e36773e017254acbb39d13733eb82960"

[[dependencies]]
name = "@forge-std"
version = "1.9.1"
source = "https://github.com/foundry-rs/forge-std/archive/refs/tags/v1.9.1.zip"
checksum = "67e3523bb8bf3b085c8f28257c7c57e4b0e36eab99272437f89b408653803bb6"

[[dependencies]]
name = "@solady"
version = "0.0.228"
source = "https://github.com/Vectorized/solady/archive/refs/tags/v0.0.228.zip"
checksum = "90c6c562403b67338e3fa5fbad36a80b129df333d89db6759c5fd3ed15d4f0da"

[[dependencies]]
name = "@openzeppelin-v5"
version = "5.0.2"
source = "https://github.com/OpenZeppelin/openzeppelin-contracts/archive/refs/tags/v5.0.2.zip"
checksum = "ca49e0776066328da0087977864dfaef0d5e54a0ea9859236a7cd9ad02abb9e5"
